
Microsoft Visual Studio Solution File, Format Version 12.00
# Visual Studio Version 16
VisualStudioVersion = 16.0.32126.315
MinimumVisualStudioVersion = 10.0.40219.1
Project("{9A19103F-16F7-4668-BE54-9A1E7A4F7556}") = "TravellerAPI", "TravellerWebAPI\TravellerAPI.csproj", "{4134D3BD-FCE5-4222-AD55-24EDECDC5800}"
EndProject
Project("{9A19103F-16F7-4668-BE54-9A1E7A4F7556}") = "Lib.traveller.Models", "Lib.traveller.Models\Lib.traveller.Models.csproj", "{1CD37240-C45C-40EF-B547-1B8BB827E92B}"
EndProject
Project("{9A19103F-16F7-4668-BE54-9A1E7A4F7556}") = "Lib.traveller.Service", "Lib.traveller.Service\Lib.traveller.Service.csproj", "{EF852B9A-ECF4-4550-BFB4-4EB09CC83942}"
EndProject
Global
	GlobalSection(SolutionConfigurationPlatforms) = preSolution
		Debug|Any CPU = Debug|Any CPU
		Release|Any CPU = Release|Any CPU
	EndGlobalSection
	GlobalSection(ProjectConfigurationPlatforms) = postSolution
		{4134D3BD-FCE5-4222-AD55-24EDECDC5800}.Debug|Any CPU.ActiveCfg = Debug|Any CPU
		{4134D3BD-FCE5-4222-AD55-24EDECDC5800}.Debug|Any CPU.Build.0 = Debug|Any CPU
		{4134D3BD-FCE5-4222-AD55-24EDECDC5800}.Release|Any CPU.ActiveCfg = Release|Any CPU
		{4134D3BD-FCE5-4222-AD55-24EDECDC5800}.Release|Any CPU.Build.0 = Release|Any CPU
		{1CD37240-C45C-40EF-B547-1B8BB827E92B}.Debug|Any CPU.ActiveCfg = Debug|Any CPU
		{1CD37240-C45C-40EF-B547-1B8BB827E92B}.Debug|Any CPU.Build.0 = Debug|Any CPU
		{1CD37240-C45C-40EF-B547-1B8BB827E92B}.Release|Any CPU.ActiveCfg = Release|Any CPU
		{1CD37240-C45C-40EF-B547-1B8BB827E92B}.Release|Any CPU.Build.0 = Release|Any CPU
		{EF852B9A-ECF4-4550-BFB4-4EB09CC83942}.Debug|Any CPU.ActiveCfg = Debug|Any CPU
		{EF852B9A-ECF4-4550-BFB4-4EB09CC83942}.Debug|Any CPU.Build.0 = Debug|Any CPU
		{EF852B9A-ECF4-4550-BFB4-4EB09CC83942}.Release|Any CPU.ActiveCfg = Release|Any CPU
		{EF852B9A-ECF4-4550-BFB4-4EB09CC83942}.Release|Any CPU.Build.0 = Release|Any CPU
	EndGlobalSection
	GlobalSection(SolutionProperties) = preSolution
		HideSolutionNode = FALSE
	EndGlobalSection
	GlobalSection(ExtensibilityGlobals) = postSolution
		SolutionGuid = {FDDD192C-6AEC-47FE-A8DD-C79DBD77FE0F}
	EndGlobalSection
EndGlobal
